
Microsoft Visual Studio Solution File, Format Version 12.00
# Visual Studio Version 16
VisualStudioVersion = 16.0.31424.327
MinimumVisualStudioVersion = 10.0.40219.1
Project("{FAE04EC0-301F-11D3-BF4B-00C04F79EFBC}") = "Movie.API", "Movie.API\Movie.API.csproj", "{489E0DA2-4425-4BE7-9741-07E08C047226}"
EndProject
Project("{FAE04EC0-301F-11D3-BF4B-00C04F79EFBC}") = "Auth.server", "Auth.server\Auth.server.csproj", "{9EBDB36F-774E-4305-A65E-32E7162C9398}"
EndProject
Global
	GlobalSection(SolutionConfigurationPlatforms) = preSolution
		Debug|Any CPU = Debug|Any CPU
		Release|Any CPU = Release|Any CPU
	EndGlobalSection
	GlobalSection(ProjectConfigurationPlatforms) = postSolution
		{489E0DA2-4425-4BE7-9741-07E08C047226}.Debug|Any CPU.ActiveCfg = Debug|Any CPU
		{489E0DA2-4425-4BE7-9741-07E08C047226}.Debug|Any CPU.Build.0 = Debug|Any CPU
		{489E0DA2-4425-4BE7-9741-07E08C047226}.Release|Any CPU.ActiveCfg = Release|Any CPU
		{489E0DA2-4425-4BE7-9741-07E08C047226}.Release|Any CPU.Build.0 = Release|Any CPU
		{9EBDB36F-774E-4305-A65E-32E7162C9398}.Debug|Any CPU.ActiveCfg = Debug|Any CPU
		{9EBDB36F-774E-4305-A65E-32E7162C9398}.Debug|Any CPU.Build.0 = Debug|Any CPU
		{9EBDB36F-774E-4305-A65E-32E7162C9398}.Release|Any CPU.ActiveCfg = Release|Any CPU
		{9EBDB36F-774E-4305-A65E-32E7162C9398}.Release|Any CPU.Build.0 = Release|Any CPU
	EndGlobalSection
	GlobalSection(SolutionProperties) = preSolution
		HideSolutionNode = FALSE
	EndGlobalSection
	GlobalSection(ExtensibilityGlobals) = postSolution
		SolutionGuid = {B9B63123-7F38-4558-9968-42639B5C55A6}
	EndGlobalSection
EndGlobal
